# THIS IS AN AUTOGENERATED FILE. DO NOT EDIT THIS FILE DIRECTLY.
# yarn lockfile v1


"@egjs/axes@^2.5.13":
  version "2.6.0"
  resolved "https://registry.yarnpkg.com/@egjs/axes/-/axes-2.6.0.tgz#9e49206bb7f371bb0ad6c6071d0a3829bb29964a"
  integrity sha512-Zt7MyZHlOsXGMODbJXDUEsAHTfEHzpzmmUtCl0FFASkiQE7PxYWbZ9xv7gj6m1AhdPbD3G6LCHh3RHEw8EXfhw==
  dependencies:
    "@egjs/component" "^2.1.2"
    "@egjs/hammerjs" "^2.0.15"

"@egjs/children-differ@^1.0.0":
  version "1.0.0"
  resolved "https://registry.yarnpkg.com/@egjs/children-differ/-/children-differ-1.0.0.tgz#7f74d2aa47e9ae342cdc8e1e50c440391de1ec53"
  integrity sha512-NxaJx+dzLUVqLb6iPcu7Mt5m2HDH55VqqZUxGKZ74DKAsL1jxbXSv0jeql0ShN6ZuocULLgr+fztz2bsaBBLkQ==
  dependencies:
    "@egjs/list-differ" "^1.0.0"

"@egjs/component@^2.1.2":
  version "2.1.2"
  resolved "https://registry.yarnpkg.com/@egjs/component/-/component-2.1.2.tgz#c466a0a6fc6ba2d479814dcbe6ee4643c25a2e5b"
  integrity sha512-7tnPiqxbSZ0porzlm0+/O3qZdanMj0zOq0sb17wQXuaRG49XKKKJaO+SacGnZDqf308N5hzJ0m9fZ4+j+VBvXA==

"@egjs/flicking@^3.4.2":
  version "3.4.2"
  resolved "https://registry.yarnpkg.com/@egjs/flicking/-/flicking-3.4.2.tgz#7402e866a57e21c385356cdb7c877995dbc53656"
  integrity sha512-hi2hUZ6XCRNB6zeo6PWR+9x0qAg9KsB6uH7DgffNzXHEGB++PaHQvvwb58NMyRtZAo7VV1iM94f2HFRH23dkfA==
  dependencies:
    "@egjs/axes" "^2.5.13"
    "@egjs/component" "^2.1.2"
    "@egjs/list-differ" "^1.0.0"

"@egjs/hammerjs@^2.0.15":
  version "2.0.15"
  resolved "https://registry.yarnpkg.com/@egjs/hammerjs/-/hammerjs-2.0.15.tgz#b6ef675540d275f7445647a64413af425b97bb9a"
  integrity sha512-BysW5KdNiJ1Qq4JRILaX/Lx2eJGyVPsFSwKA3aJbY+SKv57lS5ZFbEdlgj5shfYPLeJGEnK1WjfleDT+y4s1aQ==
  dependencies:
    "@types/hammerjs" "^2.0.36"

"@egjs/list-differ@^1.0.0":
  version "1.0.0"
  resolved "https://registry.yarnpkg.com/@egjs/list-differ/-/list-differ-1.0.0.tgz#2277aff52e3e4bd9318d5c30ffc3ba3b6216f05e"
  integrity sha512-HsbMKc0ZAQH+EUeCmI/2PvTYSybmkaWwakU8QGDYYgMVIg9BQ5sM0A0Nnombjxo2+JzXHxmH+jw//yGX+y6GYw==

"@egjs/react-children-differ@^1.0.0":
  version "1.0.0"
  resolved "https://registry.yarnpkg.com/@egjs/react-children-differ/-/react-children-differ-1.0.0.tgz#646e90d15c51fce42b8746d1b1cae7bdab433536"
  integrity sha512-ZWD0DQYvHs429Igo3eRsOK1Db5P+ldPwVWU2VHEAEZC7yVa1dCfp+NtxEOgmQGF/S2KQjsrJbVwBddG1PDbKhg==
  dependencies:
    "@egjs/children-differ" "^1.0.0"

"@egjs/react-flicking@^3.1.1":
  version "3.1.1"
  resolved "https://registry.yarnpkg.com/@egjs/react-flicking/-/react-flicking-3.1.1.tgz#942e0c565a928f52c48cd27f4bbd557ab2efb3fd"
  integrity sha512-Y7bcFQeD5iFl55faUmDc54Uejfl8MuXhBUr98wXhKse0NIJ/EWAR6erAXwllwXjJHScqkI4O271LZGH9zuZ+Hw==
  dependencies:
    "@egjs/children-differ" "^1.0.0"
    "@egjs/flicking" "^3.4.2"
    "@egjs/list-differ" "^1.0.0"
    "@egjs/react-children-differ" "^1.0.0"

"@types/hammerjs@^2.0.36":
  version "2.0.36"
  resolved "https://registry.yarnpkg.com/@types/hammerjs/-/hammerjs-2.0.36.tgz#17ce0a235e9ffbcdcdf5095646b374c2bf615a4c"
  integrity sha512-7TUK/k2/QGpEAv/BCwSHlYu3NXZhQ9ZwBYpzr9tjlPIL2C5BeGhH3DmVavRx3ZNyELX5TLC91JTz/cen6AAtIQ==
